
Microsoft Visual Studio Solution File, Format Version 12.00
# Visual Studio Version 16
VisualStudioVersion = 16.0.33214.272
MinimumVisualStudioVersion = 10.0.40219.1
Project("{FAE04EC0-301F-11D3-BF4B-00C04F79EFBC}") = "TJ-Sushi", "TJ-Sushi\TJ-Sushi.csproj", "{4EE0538B-B793-4323-9DF7-D0B61DC3B9BB}"
EndProject
Global
	GlobalSection(SolutionConfigurationPlatforms) = preSolution
		Debug|Any CPU = Debug|Any CPU
		Release|Any CPU = Release|Any CPU
	EndGlobalSection
	GlobalSection(ProjectConfigurationPlatforms) = postSolution
		{4EE0538B-B793-4323-9DF7-D0B61DC3B9BB}.Debug|Any CPU.ActiveCfg = Debug|Any CPU
		{4EE0538B-B793-4323-9DF7-D0B61DC3B9BB}.Debug|Any CPU.Build.0 = Debug|Any CPU
		{4EE0538B-B793-4323-9DF7-D0B61DC3B9BB}.Release|Any CPU.ActiveCfg = Release|Any CPU
		{4EE0538B-B793-4323-9DF7-D0B61DC3B9BB}.Release|Any CPU.Build.0 = Release|Any CPU
	EndGlobalSection
	GlobalSection(SolutionProperties) = preSolution
		HideSolutionNode = FALSE
	EndGlobalSection
	GlobalSection(ExtensibilityGlobals) = postSolution
		SolutionGuid = {A805708B-0A48-480F-86C2-33C8FF3FFDE9}
	EndGlobalSection
EndGlobal
